
Microsoft Visual Studio Solution File, Format Version 12.00
# Visual Studio 14
VisualStudioVersion = 14.0.25420.1
MinimumVisualStudioVersion = 10.0.40219.1
Project("{FAE04EC0-301F-11D3-BF4B-00C04F79EFBC}") = "Hrp", "src\Hrp.csproj", "{D605A501-80EC-4F48-A8FB-2A70E627A257}"
EndProject
Project("{FAE04EC0-301F-11D3-BF4B-00C04F79EFBC}") = "HrpSimpleTester", "HrpSimpleTester.csproj", "{C7841911-A965-4734-9222-462422948EEB}"
EndProject
Project("{FAE04EC0-301F-11D3-BF4B-00C04F79EFBC}") = "HrpTester", "HrpTester.csproj", "{C7841911-A965-4734-9222-462422948EED}"
EndProject
Global
	GlobalSection(SolutionConfigurationPlatforms) = preSolution
		Debug|Any CPU = Debug|Any CPU
		Release|Any CPU = Release|Any CPU
	EndGlobalSection
	GlobalSection(ProjectConfigurationPlatforms) = postSolution
		{D605A501-80EC-4F48-A8FB-2A70E627A257}.Debug|Any CPU.ActiveCfg = Debug|Any CPU
		{D605A501-80EC-4F48-A8FB-2A70E627A257}.Debug|Any CPU.Build.0 = Debug|Any CPU
		{D605A501-80EC-4F48-A8FB-2A70E627A257}.Release|Any CPU.ActiveCfg = Release|Any CPU
		{D605A501-80EC-4F48-A8FB-2A70E627A257}.Release|Any CPU.Build.0 = Release|Any CPU
		{C7841911-A965-4734-9222-462422948EEB}.Debug|Any CPU.ActiveCfg = Debug|Any CPU
		{C7841911-A965-4734-9222-462422948EEB}.Debug|Any CPU.Build.0 = Debug|Any CPU
		{C7841911-A965-4734-9222-462422948EEB}.Release|Any CPU.ActiveCfg = Release|Any CPU
		{C7841911-A965-4734-9222-462422948EEB}.Release|Any CPU.Build.0 = Release|Any CPU
		{C7841911-A965-4734-9222-462422948EED}.Debug|Any CPU.ActiveCfg = Debug|Any CPU
		{C7841911-A965-4734-9222-462422948EED}.Debug|Any CPU.Build.0 = Debug|Any CPU
		{C7841911-A965-4734-9222-462422948EED}.Release|Any CPU.ActiveCfg = Release|Any CPU
		{C7841911-A965-4734-9222-462422948EED}.Release|Any CPU.Build.0 = Release|Any CPU
	EndGlobalSection
	GlobalSection(SolutionProperties) = preSolution
		HideSolutionNode = FALSE
	EndGlobalSection
EndGlobal
